
Microsoft Visual Studio Solution File, Format Version 12.00
# Visual Studio Version 16
VisualStudioVersion = 16.0.32106.194
MinimumVisualStudioVersion = 10.0.40219.1
Project("{FAE04EC0-301F-11D3-BF4B-00C04F79EFBC}") = "BookingAppMVC", "BookingAppMVC\BookingAppMVC.csproj", "{22661D99-1EA3-4BC1-BE96-1156A11EA0D6}"
EndProject
Global
	GlobalSection(SolutionConfigurationPlatforms) = preSolution
		Debug|Any CPU = Debug|Any CPU
		Release|Any CPU = Release|Any CPU
	EndGlobalSection
	GlobalSection(ProjectConfigurationPlatforms) = postSolution
		{22661D99-1EA3-4BC1-BE96-1156A11EA0D6}.Debug|Any CPU.ActiveCfg = Debug|Any CPU
		{22661D99-1EA3-4BC1-BE96-1156A11EA0D6}.Debug|Any CPU.Build.0 = Debug|Any CPU
		{22661D99-1EA3-4BC1-BE96-1156A11EA0D6}.Release|Any CPU.ActiveCfg = Release|Any CPU
		{22661D99-1EA3-4BC1-BE96-1156A11EA0D6}.Release|Any CPU.Build.0 = Release|Any CPU
	EndGlobalSection
	GlobalSection(SolutionProperties) = preSolution
		HideSolutionNode = FALSE
	EndGlobalSection
	GlobalSection(ExtensibilityGlobals) = postSolution
		SolutionGuid = {44E6C64D-E0A7-46D6-BD10-8098E30F8089}
	EndGlobalSection
EndGlobal
